
Microsoft Visual Studio Solution File, Format Version 12.00
# Visual Studio Version 16
VisualStudioVersion = 16.0.30717.126
MinimumVisualStudioVersion = 10.0.40219.1
Project("{FAE04EC0-301F-11D3-BF4B-00C04F79EFBC}") = "NewArrayMatrix", "NewArrayMatrix.csproj", "{AF677A2C-41A7-4D08-B0DA-CD469420DA27}"
EndProject
Global
	GlobalSection(SolutionConfigurationPlatforms) = preSolution
		Debug|Any CPU = Debug|Any CPU
		Release|Any CPU = Release|Any CPU
	EndGlobalSection
	GlobalSection(ProjectConfigurationPlatforms) = postSolution
		{AF677A2C-41A7-4D08-B0DA-CD469420DA27}.Debug|Any CPU.ActiveCfg = Debug|Any CPU
		{AF677A2C-41A7-4D08-B0DA-CD469420DA27}.Debug|Any CPU.Build.0 = Debug|Any CPU
		{AF677A2C-41A7-4D08-B0DA-CD469420DA27}.Release|Any CPU.ActiveCfg = Release|Any CPU
		{AF677A2C-41A7-4D08-B0DA-CD469420DA27}.Release|Any CPU.Build.0 = Release|Any CPU
	EndGlobalSection
	GlobalSection(SolutionProperties) = preSolution
		HideSolutionNode = FALSE
	EndGlobalSection
	GlobalSection(ExtensibilityGlobals) = postSolution
		SolutionGuid = {60AE055E-052D-4603-AD58-9B9A1D8A4FEF}
	EndGlobalSection
EndGlobal
